
Microsoft Visual Studio Solution File, Format Version 12.00
# Visual Studio Version 17
VisualStudioVersion = 17.2.32519.379
MinimumVisualStudioVersion = 10.0.40219.1
Project("{FAE04EC0-301F-11D3-BF4B-00C04F79EFBC}") = "KafkaProducer", "KafkaProducer\KafkaProducer.csproj", "{4828E082-03BD-48E5-845D-06804943D7ED}"
EndProject
Project("{FAE04EC0-301F-11D3-BF4B-00C04F79EFBC}") = "KafkaConsumer", "KafkaConsumer\KafkaConsumer.csproj", "{72026BC9-C079-4AF7-A913-C7A2933DE72F}"
EndProject
Project("{2150E333-8FDC-42A3-9474-1A3956D46DE8}") = "Solution Items", "Solution Items", "{962D8687-9988-468E-BD31-F4B2D849D170}"
	ProjectSection(SolutionItems) = preProject
		docker-compose.yml = docker-compose.yml
	EndProjectSection
EndProject
Global
	GlobalSection(SolutionConfigurationPlatforms) = preSolution
		Debug|Any CPU = Debug|Any CPU
		Release|Any CPU = Release|Any CPU
	EndGlobalSection
	GlobalSection(ProjectConfigurationPlatforms) = postSolution
		{4828E082-03BD-48E5-845D-06804943D7ED}.Debug|Any CPU.ActiveCfg = Debug|Any CPU
		{4828E082-03BD-48E5-845D-06804943D7ED}.Debug|Any CPU.Build.0 = Debug|Any CPU
		{4828E082-03BD-48E5-845D-06804943D7ED}.Release|Any CPU.ActiveCfg = Release|Any CPU
		{4828E082-03BD-48E5-845D-06804943D7ED}.Release|Any CPU.Build.0 = Release|Any CPU
		{72026BC9-C079-4AF7-A913-C7A2933DE72F}.Debug|Any CPU.ActiveCfg = Debug|Any CPU
		{72026BC9-C079-4AF7-A913-C7A2933DE72F}.Debug|Any CPU.Build.0 = Debug|Any CPU
		{72026BC9-C079-4AF7-A913-C7A2933DE72F}.Release|Any CPU.ActiveCfg = Release|Any CPU
		{72026BC9-C079-4AF7-A913-C7A2933DE72F}.Release|Any CPU.Build.0 = Release|Any CPU
	EndGlobalSection
	GlobalSection(SolutionProperties) = preSolution
		HideSolutionNode = FALSE
	EndGlobalSection
	GlobalSection(ExtensibilityGlobals) = postSolution
		SolutionGuid = {228A4CE9-612C-4E35-B98A-9E93995DB62E}
	EndGlobalSection
EndGlobal
